
Microsoft Visual Studio Solution File, Format Version 12.00
# Visual Studio Version 16
VisualStudioVersion = 16.0.31729.503
MinimumVisualStudioVersion = 10.0.40219.1
Project("{FAE04EC0-301F-11D3-BF4B-00C04F79EFBC}") = "Routing_WebAPI_Demo", "Routing_WebAPI_Demo\Routing_WebAPI_Demo.csproj", "{087222B4-3F6D-43E6-BC77-208AA197CD1D}"
EndProject
Global
	GlobalSection(SolutionConfigurationPlatforms) = preSolution
		Debug|Any CPU = Debug|Any CPU
		Release|Any CPU = Release|Any CPU
	EndGlobalSection
	GlobalSection(ProjectConfigurationPlatforms) = postSolution
		{087222B4-3F6D-43E6-BC77-208AA197CD1D}.Debug|Any CPU.ActiveCfg = Debug|Any CPU
		{087222B4-3F6D-43E6-BC77-208AA197CD1D}.Debug|Any CPU.Build.0 = Debug|Any CPU
		{087222B4-3F6D-43E6-BC77-208AA197CD1D}.Release|Any CPU.ActiveCfg = Release|Any CPU
		{087222B4-3F6D-43E6-BC77-208AA197CD1D}.Release|Any CPU.Build.0 = Release|Any CPU
	EndGlobalSection
	GlobalSection(SolutionProperties) = preSolution
		HideSolutionNode = FALSE
	EndGlobalSection
	GlobalSection(ExtensibilityGlobals) = postSolution
		SolutionGuid = {55CD12BF-EABB-4795-B42E-9B47B88895C7}
	EndGlobalSection
EndGlobal
