
Microsoft Visual Studio Solution File, Format Version 12.00
# Visual Studio Version 16
VisualStudioVersion = 16.0.31729.503
MinimumVisualStudioVersion = 10.0.40219.1
Project("{FAE04EC0-301F-11D3-BF4B-00C04F79EFBC}") = "BasicAuthentication_web_API_Demo", "BasicAuthentication_web_API_Demo\BasicAuthentication_web_API_Demo.csproj", "{A6D6625E-9BA4-48CA-8ED5-434592B29898}"
EndProject
Global
	GlobalSection(SolutionConfigurationPlatforms) = preSolution
		Debug|Any CPU = Debug|Any CPU
		Release|Any CPU = Release|Any CPU
	EndGlobalSection
	GlobalSection(ProjectConfigurationPlatforms) = postSolution
		{A6D6625E-9BA4-48CA-8ED5-434592B29898}.Debug|Any CPU.ActiveCfg = Debug|Any CPU
		{A6D6625E-9BA4-48CA-8ED5-434592B29898}.Debug|Any CPU.Build.0 = Debug|Any CPU
		{A6D6625E-9BA4-48CA-8ED5-434592B29898}.Release|Any CPU.ActiveCfg = Release|Any CPU
		{A6D6625E-9BA4-48CA-8ED5-434592B29898}.Release|Any CPU.Build.0 = Release|Any CPU
	EndGlobalSection
	GlobalSection(SolutionProperties) = preSolution
		HideSolutionNode = FALSE
	EndGlobalSection
	GlobalSection(ExtensibilityGlobals) = postSolution
		SolutionGuid = {59B776BA-6A88-4623-8C2B-07E58E164DD8}
	EndGlobalSection
EndGlobal
