
Microsoft Visual Studio Solution File, Format Version 12.00
# Visual Studio Version 16
VisualStudioVersion = 16.0.31729.503
MinimumVisualStudioVersion = 10.0.40219.1
Project("{FAE04EC0-301F-11D3-BF4B-00C04F79EFBC}") = "ChildActionOnlyAttributeDemo", "ChildActionOnlyAttributeDemo\ChildActionOnlyAttributeDemo.csproj", "{8C5221D2-6D83-4C3C-A5A0-D9EB7147FE08}"
EndProject
Global
	GlobalSection(SolutionConfigurationPlatforms) = preSolution
		Debug|Any CPU = Debug|Any CPU
		Release|Any CPU = Release|Any CPU
	EndGlobalSection
	GlobalSection(ProjectConfigurationPlatforms) = postSolution
		{8C5221D2-6D83-4C3C-A5A0-D9EB7147FE08}.Debug|Any CPU.ActiveCfg = Debug|Any CPU
		{8C5221D2-6D83-4C3C-A5A0-D9EB7147FE08}.Debug|Any CPU.Build.0 = Debug|Any CPU
		{8C5221D2-6D83-4C3C-A5A0-D9EB7147FE08}.Release|Any CPU.ActiveCfg = Release|Any CPU
		{8C5221D2-6D83-4C3C-A5A0-D9EB7147FE08}.Release|Any CPU.Build.0 = Release|Any CPU
	EndGlobalSection
	GlobalSection(SolutionProperties) = preSolution
		HideSolutionNode = FALSE
	EndGlobalSection
	GlobalSection(ExtensibilityGlobals) = postSolution
		SolutionGuid = {8DBF62A7-D0F1-42F1-BD7E-9A60FE125115}
	EndGlobalSection
EndGlobal
